# IF THERE'S A GIT CONFLICT IN THIS FILE, DON'T SOLVE IT MANUALLY!
# INSTEAD EXECUTE `prisma migrate fix`
# Prisma Migrate lockfile v1
# Read more about conflict resolution here: TODO

20200515104446-add-todo-type
20200515113201-change-todo-id-to-cuid
20200515113759
20200521181445-inital-commit
20200522150034-add-description-to-server-entry
20200522153702-make-server-entry-icon-optional